
Microsoft Visual Studio Solution File, Format Version 12.00
# Visual Studio Version 17
VisualStudioVersion = 17.10.35013.160
MinimumVisualStudioVersion = 10.0.40219.1
Project("{FAE04EC0-301F-11D3-BF4B-00C04F79EFBC}") = "HW 2 EF Core", "HW 2 EF Core\HW 2 EF Core.csproj", "{F6835588-178D-4D59-9B71-D3DE14625A72}"
EndProject
Global
	GlobalSection(SolutionConfigurationPlatforms) = preSolution
		Debug|Any CPU = Debug|Any CPU
		Release|Any CPU = Release|Any CPU
	EndGlobalSection
	GlobalSection(ProjectConfigurationPlatforms) = postSolution
		{F6835588-178D-4D59-9B71-D3DE14625A72}.Debug|Any CPU.ActiveCfg = Debug|Any CPU
		{F6835588-178D-4D59-9B71-D3DE14625A72}.Debug|Any CPU.Build.0 = Debug|Any CPU
		{F6835588-178D-4D59-9B71-D3DE14625A72}.Release|Any CPU.ActiveCfg = Release|Any CPU
		{F6835588-178D-4D59-9B71-D3DE14625A72}.Release|Any CPU.Build.0 = Release|Any CPU
	EndGlobalSection
	GlobalSection(SolutionProperties) = preSolution
		HideSolutionNode = FALSE
	EndGlobalSection
	GlobalSection(ExtensibilityGlobals) = postSolution
		SolutionGuid = {24111D9C-F519-46AF-89E4-CF3BED808234}
	EndGlobalSection
EndGlobal
